
Microsoft Visual Studio Solution File, Format Version 12.00
# Visual Studio Version 16
VisualStudioVersion = 16.0.30907.101
MinimumVisualStudioVersion = 10.0.40219.1
Project("{FAE04EC0-301F-11D3-BF4B-00C04F79EFBC}") = "ProyectoCalculadora", "ProyectoCalculadora\ProyectoCalculadora.csproj", "{76565120-28A5-46B7-B4BC-C8CB51FF1364}"
EndProject
Global
	GlobalSection(SolutionConfigurationPlatforms) = preSolution
		Debug|Any CPU = Debug|Any CPU
		Release|Any CPU = Release|Any CPU
	EndGlobalSection
	GlobalSection(ProjectConfigurationPlatforms) = postSolution
		{76565120-28A5-46B7-B4BC-C8CB51FF1364}.Debug|Any CPU.ActiveCfg = Debug|Any CPU
		{76565120-28A5-46B7-B4BC-C8CB51FF1364}.Debug|Any CPU.Build.0 = Debug|Any CPU
		{76565120-28A5-46B7-B4BC-C8CB51FF1364}.Release|Any CPU.ActiveCfg = Release|Any CPU
		{76565120-28A5-46B7-B4BC-C8CB51FF1364}.Release|Any CPU.Build.0 = Release|Any CPU
	EndGlobalSection
	GlobalSection(SolutionProperties) = preSolution
		HideSolutionNode = FALSE
	EndGlobalSection
	GlobalSection(ExtensibilityGlobals) = postSolution
		SolutionGuid = {08F70A62-B6B1-451E-AEF1-D2EEEA28DB63}
	EndGlobalSection
EndGlobal
